
Microsoft Visual Studio Solution File, Format Version 12.00
# Visual Studio 14
VisualStudioVersion = 14.0.24720.0
MinimumVisualStudioVersion = 10.0.40219.1
Project("{FAE04EC0-301F-11D3-BF4B-00C04F79EFBC}") = "Algorithms", "Algorithms.csproj", "{0A4F3CC9-47EC-459A-8B8D-3655EF51A7FB}"
EndProject
Project("{FAE04EC0-301F-11D3-BF4B-00C04F79EFBC}") = "CircleTree", "CircleTree\CircleTree.csproj", "{2E85FC0E-5A95-48B2-86B9-AE6681F4A0ED}"
EndProject
Project("{FAE04EC0-301F-11D3-BF4B-00C04F79EFBC}") = "LeetCode", "LeetCode\LeetCode.csproj", "{4A33531A-17EA-43CA-9696-F3C11C009FF9}"
EndProject
Project("{2150E333-8FDC-42A3-9474-1A3956D46DE8}") = ".nuget", ".nuget", "{E5CFFC37-4512-44A7-953F-342BF348420A}"
	ProjectSection(SolutionItems) = preProject
		.nuget\NuGet.Config = .nuget\NuGet.Config
		.nuget\NuGet.exe = .nuget\NuGet.exe
		.nuget\NuGet.targets = .nuget\NuGet.targets
	EndProjectSection
EndProject
Project("{FAE04EC0-301F-11D3-BF4B-00C04F79EFBC}") = "LeetCodeTests", "LeetCodeTests\LeetCodeTests.csproj", "{F1E0DAFD-B5EF-49E3-BFE5-54D99845ABA3}"
EndProject
Global
	GlobalSection(SolutionConfigurationPlatforms) = preSolution
		Debug|Any CPU = Debug|Any CPU
		Debug|Mixed Platforms = Debug|Mixed Platforms
		Debug|Win32 = Debug|Win32
		Release|Any CPU = Release|Any CPU
		Release|Mixed Platforms = Release|Mixed Platforms
		Release|Win32 = Release|Win32
	EndGlobalSection
	GlobalSection(ProjectConfigurationPlatforms) = postSolution
		{0A4F3CC9-47EC-459A-8B8D-3655EF51A7FB}.Debug|Any CPU.ActiveCfg = Debug|Any CPU
		{0A4F3CC9-47EC-459A-8B8D-3655EF51A7FB}.Debug|Any CPU.Build.0 = Debug|Any CPU
		{0A4F3CC9-47EC-459A-8B8D-3655EF51A7FB}.Debug|Mixed Platforms.ActiveCfg = Debug|Any CPU
		{0A4F3CC9-47EC-459A-8B8D-3655EF51A7FB}.Debug|Mixed Platforms.Build.0 = Debug|Any CPU
		{0A4F3CC9-47EC-459A-8B8D-3655EF51A7FB}.Debug|Win32.ActiveCfg = Debug|Any CPU
		{0A4F3CC9-47EC-459A-8B8D-3655EF51A7FB}.Release|Any CPU.ActiveCfg = Release|Any CPU
		{0A4F3CC9-47EC-459A-8B8D-3655EF51A7FB}.Release|Any CPU.Build.0 = Release|Any CPU
		{0A4F3CC9-47EC-459A-8B8D-3655EF51A7FB}.Release|Mixed Platforms.ActiveCfg = Release|Any CPU
		{0A4F3CC9-47EC-459A-8B8D-3655EF51A7FB}.Release|Mixed Platforms.Build.0 = Release|Any CPU
		{0A4F3CC9-47EC-459A-8B8D-3655EF51A7FB}.Release|Win32.ActiveCfg = Release|Any CPU
		{2E85FC0E-5A95-48B2-86B9-AE6681F4A0ED}.Debug|Any CPU.ActiveCfg = Debug|Any CPU
		{2E85FC0E-5A95-48B2-86B9-AE6681F4A0ED}.Debug|Any CPU.Build.0 = Debug|Any CPU
		{2E85FC0E-5A95-48B2-86B9-AE6681F4A0ED}.Debug|Mixed Platforms.ActiveCfg = Debug|Any CPU
		{2E85FC0E-5A95-48B2-86B9-AE6681F4A0ED}.Debug|Mixed Platforms.Build.0 = Debug|Any CPU
		{2E85FC0E-5A95-48B2-86B9-AE6681F4A0ED}.Debug|Win32.ActiveCfg = Debug|Any CPU
		{2E85FC0E-5A95-48B2-86B9-AE6681F4A0ED}.Release|Any CPU.ActiveCfg = Release|Any CPU
		{2E85FC0E-5A95-48B2-86B9-AE6681F4A0ED}.Release|Any CPU.Build.0 = Release|Any CPU
		{2E85FC0E-5A95-48B2-86B9-AE6681F4A0ED}.Release|Mixed Platforms.ActiveCfg = Release|Any CPU
		{2E85FC0E-5A95-48B2-86B9-AE6681F4A0ED}.Release|Mixed Platforms.Build.0 = Release|Any CPU
		{2E85FC0E-5A95-48B2-86B9-AE6681F4A0ED}.Release|Win32.ActiveCfg = Release|Any CPU
		{4A33531A-17EA-43CA-9696-F3C11C009FF9}.Debug|Any CPU.ActiveCfg = Debug|Any CPU
		{4A33531A-17EA-43CA-9696-F3C11C009FF9}.Debug|Any CPU.Build.0 = Debug|Any CPU
		{4A33531A-17EA-43CA-9696-F3C11C009FF9}.Debug|Mixed Platforms.ActiveCfg = Debug|Any CPU
		{4A33531A-17EA-43CA-9696-F3C11C009FF9}.Debug|Mixed Platforms.Build.0 = Debug|Any CPU
		{4A33531A-17EA-43CA-9696-F3C11C009FF9}.Debug|Win32.ActiveCfg = Debug|Any CPU
		{4A33531A-17EA-43CA-9696-F3C11C009FF9}.Debug|Win32.Build.0 = Debug|Any CPU
		{4A33531A-17EA-43CA-9696-F3C11C009FF9}.Release|Any CPU.ActiveCfg = Release|Any CPU
		{4A33531A-17EA-43CA-9696-F3C11C009FF9}.Release|Any CPU.Build.0 = Release|Any CPU
		{4A33531A-17EA-43CA-9696-F3C11C009FF9}.Release|Mixed Platforms.ActiveCfg = Release|Any CPU
		{4A33531A-17EA-43CA-9696-F3C11C009FF9}.Release|Mixed Platforms.Build.0 = Release|Any CPU
		{4A33531A-17EA-43CA-9696-F3C11C009FF9}.Release|Win32.ActiveCfg = Release|Any CPU
		{4A33531A-17EA-43CA-9696-F3C11C009FF9}.Release|Win32.Build.0 = Release|Any CPU
		{F1E0DAFD-B5EF-49E3-BFE5-54D99845ABA3}.Debug|Any CPU.ActiveCfg = Debug|Any CPU
		{F1E0DAFD-B5EF-49E3-BFE5-54D99845ABA3}.Debug|Any CPU.Build.0 = Debug|Any CPU
		{F1E0DAFD-B5EF-49E3-BFE5-54D99845ABA3}.Debug|Mixed Platforms.ActiveCfg = Debug|Any CPU
		{F1E0DAFD-B5EF-49E3-BFE5-54D99845ABA3}.Debug|Mixed Platforms.Build.0 = Debug|Any CPU
		{F1E0DAFD-B5EF-49E3-BFE5-54D99845ABA3}.Debug|Win32.ActiveCfg = Debug|Any CPU
		{F1E0DAFD-B5EF-49E3-BFE5-54D99845ABA3}.Debug|Win32.Build.0 = Debug|Any CPU
		{F1E0DAFD-B5EF-49E3-BFE5-54D99845ABA3}.Release|Any CPU.ActiveCfg = Release|Any CPU
		{F1E0DAFD-B5EF-49E3-BFE5-54D99845ABA3}.Release|Any CPU.Build.0 = Release|Any CPU
		{F1E0DAFD-B5EF-49E3-BFE5-54D99845ABA3}.Release|Mixed Platforms.ActiveCfg = Release|Any CPU
		{F1E0DAFD-B5EF-49E3-BFE5-54D99845ABA3}.Release|Mixed Platforms.Build.0 = Release|Any CPU
		{F1E0DAFD-B5EF-49E3-BFE5-54D99845ABA3}.Release|Win32.ActiveCfg = Release|Any CPU
		{F1E0DAFD-B5EF-49E3-BFE5-54D99845ABA3}.Release|Win32.Build.0 = Release|Any CPU
	EndGlobalSection
	GlobalSection(SolutionProperties) = preSolution
		HideSolutionNode = FALSE
	EndGlobalSection
EndGlobal
